{
  "nodes": {
    "go-license-collector": {
      "inputs": {
        "nixpkgs": "nixpkgs"
      },
      "locked": {
        "lastModified": 1766588125,
        "narHash": "sha256-oRyCWUM4ialvjZ/GxgKDs6h5F8ivmGk/ECPexRat/NA=",
        "owner": "LightJack05",
        "repo": "go-license-collector",
        "rev": "e119aecb9697350b03493b434084666ad931b8a1",
        "type": "github"
      },
      "original": {
        "owner": "LightJack05",
        "repo": "go-license-collector",
        "type": "github"
      }
    },
    "nixpkgs": {
      "locked": {
        "lastModified": 1768317356,
        "narHash": "sha256-azuJDF20H0p/0N56fje1pbKoA3ZkD4nqqPYVrzMb3gk=",
        "owner": "NixOS",
        "repo": "nixpkgs",
        "rev": "24d776dd47e77f1ea8e1148d5e1141901b39a5a5",
        "type": "github"
      },
      "original": {
        "owner": "NixOS",
        "repo": "nixpkgs",
        "type": "github"
      }
    },
    "nixpkgs_2": {
      "locked": {
        "lastModified": 1768317356,
        "narHash": "sha256-azuJDF20H0p/0N56fje1pbKoA3ZkD4nqqPYVrzMb3gk=",
        "owner": "NixOS",
        "repo": "nixpkgs",
        "rev": "24d776dd47e77f1ea8e1148d5e1141901b39a5a5",
        "type": "github"
      },
      "original": {
        "owner": "NixOS",
        "repo": "nixpkgs",
        "type": "github"
      }
    },
    "root": {
      "inputs": {
        "go-license-collector": "go-license-collector",
        "nixpkgs": "nixpkgs_2"
      }
    }
  },
  "root": "root",
  "version": 7
}
